
Microsoft Visual Studio Solution File, Format Version 12.00
# Visual Studio Version 16
VisualStudioVersion = 16.0.30204.135
MinimumVisualStudioVersion = 10.0.40219.1
Project("{9A19103F-16F7-4668-BE54-9A1E7A4F7556}") = "GQLTest", "GQLTest\GQLTest.csproj", "{222C49B6-6FFC-4391-9EE2-05FCD9E7929A}"
EndProject
Project("{FAE04EC0-301F-11D3-BF4B-00C04F79EFBC}") = "GQLTest.Data", "GQLTest.Data\GQLTest.Data.csproj", "{8D83D3F8-4BFA-437A-B2FB-B2B045AB2316}"
EndProject
Global
	GlobalSection(SolutionConfigurationPlatforms) = preSolution
		Debug|Any CPU = Debug|Any CPU
		Release|Any CPU = Release|Any CPU
	EndGlobalSection
	GlobalSection(ProjectConfigurationPlatforms) = postSolution
		{222C49B6-6FFC-4391-9EE2-05FCD9E7929A}.Debug|Any CPU.ActiveCfg = Debug|Any CPU
		{222C49B6-6FFC-4391-9EE2-05FCD9E7929A}.Debug|Any CPU.Build.0 = Debug|Any CPU
		{222C49B6-6FFC-4391-9EE2-05FCD9E7929A}.Release|Any CPU.ActiveCfg = Release|Any CPU
		{222C49B6-6FFC-4391-9EE2-05FCD9E7929A}.Release|Any CPU.Build.0 = Release|Any CPU
		{8D83D3F8-4BFA-437A-B2FB-B2B045AB2316}.Debug|Any CPU.ActiveCfg = Debug|Any CPU
		{8D83D3F8-4BFA-437A-B2FB-B2B045AB2316}.Debug|Any CPU.Build.0 = Debug|Any CPU
		{8D83D3F8-4BFA-437A-B2FB-B2B045AB2316}.Release|Any CPU.ActiveCfg = Release|Any CPU
		{8D83D3F8-4BFA-437A-B2FB-B2B045AB2316}.Release|Any CPU.Build.0 = Release|Any CPU
	EndGlobalSection
	GlobalSection(SolutionProperties) = preSolution
		HideSolutionNode = FALSE
	EndGlobalSection
	GlobalSection(ExtensibilityGlobals) = postSolution
		SolutionGuid = {46C0D587-304D-4EEB-B52E-492FE902FA9B}
	EndGlobalSection
EndGlobal
